
Microsoft Visual Studio Solution File, Format Version 12.00
Project("{FAE04EC0-301F-11D3-BF4B-00C04F79EFBC}") = "ApplicationSchool", "ApplicationSchool\ApplicationSchool.csproj", "{D6CFC2F6-CE41-4462-B26C-6B5A796F520B}"
EndProject
Global
	GlobalSection(SolutionConfigurationPlatforms) = preSolution
		Debug|Any CPU = Debug|Any CPU
		Release|Any CPU = Release|Any CPU
	EndGlobalSection
	GlobalSection(ProjectConfigurationPlatforms) = postSolution
		{D6CFC2F6-CE41-4462-B26C-6B5A796F520B}.Debug|Any CPU.ActiveCfg = Debug|Any CPU
		{D6CFC2F6-CE41-4462-B26C-6B5A796F520B}.Debug|Any CPU.Build.0 = Debug|Any CPU
		{D6CFC2F6-CE41-4462-B26C-6B5A796F520B}.Release|Any CPU.ActiveCfg = Release|Any CPU
		{D6CFC2F6-CE41-4462-B26C-6B5A796F520B}.Release|Any CPU.Build.0 = Release|Any CPU
	EndGlobalSection
EndGlobal
